
Microsoft Visual Studio Solution File, Format Version 12.00
# Visual Studio 15
VisualStudioVersion = 15.0.28010.2016
MinimumVisualStudioVersion = 10.0.40219.1
Project("{FAE04EC0-301F-11D3-BF4B-00C04F79EFBC}") = "MortgageCalculator", "MortgageCalculator\MortgageCalculator.csproj", "{1FCC52B5-6EE3-43B2-889B-304D4682F94D}"
EndProject
Global
	GlobalSection(SolutionConfigurationPlatforms) = preSolution
		Debug|Any CPU = Debug|Any CPU
		Release|Any CPU = Release|Any CPU
	EndGlobalSection
	GlobalSection(ProjectConfigurationPlatforms) = postSolution
		{1FCC52B5-6EE3-43B2-889B-304D4682F94D}.Debug|Any CPU.ActiveCfg = Debug|Any CPU
		{1FCC52B5-6EE3-43B2-889B-304D4682F94D}.Debug|Any CPU.Build.0 = Debug|Any CPU
		{1FCC52B5-6EE3-43B2-889B-304D4682F94D}.Release|Any CPU.ActiveCfg = Release|Any CPU
		{1FCC52B5-6EE3-43B2-889B-304D4682F94D}.Release|Any CPU.Build.0 = Release|Any CPU
	EndGlobalSection
	GlobalSection(SolutionProperties) = preSolution
		HideSolutionNode = FALSE
	EndGlobalSection
	GlobalSection(ExtensibilityGlobals) = postSolution
		SolutionGuid = {C055C1F1-81F5-4EBB-B38C-B7CA795BBA36}
	EndGlobalSection
EndGlobal
